
Microsoft Visual Studio Solution File, Format Version 12.00
Project("{FAE04EC0-301F-11D3-BF4B-00C04F79EFBC}") = "MapsterSample", "MapsterSample\MapsterSample.csproj", "{5426F99C-7EC6-4F69-A837-236869AB107E}"
EndProject
Project("{FAE04EC0-301F-11D3-BF4B-00C04F79EFBC}") = "MapsterTests", "MapsterTests\MapsterTests.csproj", "{56F5388E-2889-42D7-A2CC-40BF59A15A95}"
EndProject
Global
	GlobalSection(SolutionConfigurationPlatforms) = preSolution
		Debug|Any CPU = Debug|Any CPU
		Release|Any CPU = Release|Any CPU
	EndGlobalSection
	GlobalSection(ProjectConfigurationPlatforms) = postSolution
		{5426F99C-7EC6-4F69-A837-236869AB107E}.Debug|Any CPU.ActiveCfg = Debug|Any CPU
		{5426F99C-7EC6-4F69-A837-236869AB107E}.Debug|Any CPU.Build.0 = Debug|Any CPU
		{5426F99C-7EC6-4F69-A837-236869AB107E}.Release|Any CPU.ActiveCfg = Release|Any CPU
		{5426F99C-7EC6-4F69-A837-236869AB107E}.Release|Any CPU.Build.0 = Release|Any CPU
		{56F5388E-2889-42D7-A2CC-40BF59A15A95}.Debug|Any CPU.ActiveCfg = Debug|Any CPU
		{56F5388E-2889-42D7-A2CC-40BF59A15A95}.Debug|Any CPU.Build.0 = Debug|Any CPU
		{56F5388E-2889-42D7-A2CC-40BF59A15A95}.Release|Any CPU.ActiveCfg = Release|Any CPU
		{56F5388E-2889-42D7-A2CC-40BF59A15A95}.Release|Any CPU.Build.0 = Release|Any CPU
	EndGlobalSection
EndGlobal
